
Microsoft Visual Studio Solution File, Format Version 12.00
# Visual Studio Version 16
VisualStudioVersion = 16.0.30523.141
MinimumVisualStudioVersion = 10.0.40219.1
Project("{FAE04EC0-301F-11D3-BF4B-00C04F79EFBC}") = "address-book-web", "address-book-web\address-book-web.csproj", "{6F6C866B-4CDE-4A1D-AB6C-23A162494DCB}"
EndProject
Global
	GlobalSection(SolutionConfigurationPlatforms) = preSolution
		Debug|Any CPU = Debug|Any CPU
		Release|Any CPU = Release|Any CPU
	EndGlobalSection
	GlobalSection(ProjectConfigurationPlatforms) = postSolution
		{6F6C866B-4CDE-4A1D-AB6C-23A162494DCB}.Debug|Any CPU.ActiveCfg = Debug|Any CPU
		{6F6C866B-4CDE-4A1D-AB6C-23A162494DCB}.Debug|Any CPU.Build.0 = Debug|Any CPU
		{6F6C866B-4CDE-4A1D-AB6C-23A162494DCB}.Release|Any CPU.ActiveCfg = Release|Any CPU
		{6F6C866B-4CDE-4A1D-AB6C-23A162494DCB}.Release|Any CPU.Build.0 = Release|Any CPU
	EndGlobalSection
	GlobalSection(SolutionProperties) = preSolution
		HideSolutionNode = FALSE
	EndGlobalSection
	GlobalSection(ExtensibilityGlobals) = postSolution
		SolutionGuid = {B64581F1-B726-4BEA-B95B-7487814CE145}
	EndGlobalSection
EndGlobal
